
Microsoft Visual Studio Solution File, Format Version 12.00
# Visual Studio Version 16
VisualStudioVersion = 16.0.31702.278
MinimumVisualStudioVersion = 10.0.40219.1
Project("{FAE04EC0-301F-11D3-BF4B-00C04F79EFBC}") = "Registro de Usuarios ASP NET", "Registro de Usuarios ASP NET\Registro de Usuarios ASP NET.csproj", "{737A19D2-BF32-4568-B6E6-3D235E08F844}"
EndProject
Global
	GlobalSection(SolutionConfigurationPlatforms) = preSolution
		Debug|Any CPU = Debug|Any CPU
		Release|Any CPU = Release|Any CPU
	EndGlobalSection
	GlobalSection(ProjectConfigurationPlatforms) = postSolution
		{737A19D2-BF32-4568-B6E6-3D235E08F844}.Debug|Any CPU.ActiveCfg = Debug|Any CPU
		{737A19D2-BF32-4568-B6E6-3D235E08F844}.Debug|Any CPU.Build.0 = Debug|Any CPU
		{737A19D2-BF32-4568-B6E6-3D235E08F844}.Release|Any CPU.ActiveCfg = Release|Any CPU
		{737A19D2-BF32-4568-B6E6-3D235E08F844}.Release|Any CPU.Build.0 = Release|Any CPU
	EndGlobalSection
	GlobalSection(SolutionProperties) = preSolution
		HideSolutionNode = FALSE
	EndGlobalSection
	GlobalSection(ExtensibilityGlobals) = postSolution
		SolutionGuid = {13015419-F718-4BE2-ADD1-8922A3418028}
	EndGlobalSection
EndGlobal
